
Microsoft Visual Studio Solution File, Format Version 12.00
# Visual Studio Version 17
VisualStudioVersion = 17.4.33205.214
MinimumVisualStudioVersion = 10.0.40219.1
Project("{FAE04EC0-301F-11D3-BF4B-00C04F79EFBC}") = "RenderClassModel", "RenderClassModel\RenderClassModel.csproj", "{4426E60F-2594-4E34-ADEC-C5910409C727}"
EndProject
Global
	GlobalSection(SolutionConfigurationPlatforms) = preSolution
		Debug|Any CPU = Debug|Any CPU
		Release|Any CPU = Release|Any CPU
	EndGlobalSection
	GlobalSection(ProjectConfigurationPlatforms) = postSolution
		{4426E60F-2594-4E34-ADEC-C5910409C727}.Debug|Any CPU.ActiveCfg = Debug|Any CPU
		{4426E60F-2594-4E34-ADEC-C5910409C727}.Debug|Any CPU.Build.0 = Debug|Any CPU
		{4426E60F-2594-4E34-ADEC-C5910409C727}.Release|Any CPU.ActiveCfg = Release|Any CPU
		{4426E60F-2594-4E34-ADEC-C5910409C727}.Release|Any CPU.Build.0 = Release|Any CPU
	EndGlobalSection
	GlobalSection(SolutionProperties) = preSolution
		HideSolutionNode = FALSE
	EndGlobalSection
	GlobalSection(ExtensibilityGlobals) = postSolution
		SolutionGuid = {182FAA25-3341-42D0-9457-7A0534AC771D}
	EndGlobalSection
EndGlobal
